
Microsoft Visual Studio Solution File, Format Version 12.00
# Visual Studio 14
VisualStudioVersion = 14.0.25420.1
MinimumVisualStudioVersion = 10.0.40219.1
Project("{FAE04EC0-301F-11D3-BF4B-00C04F79EFBC}") = "HashTable", "HashTable\HashTable.csproj", "{85200A9B-9B70-4E82-B784-DD1C6E50EB4E}"
EndProject
Project("{FAE04EC0-301F-11D3-BF4B-00C04F79EFBC}") = "HashTableTests", "HashTableTests\HashTableTests.csproj", "{1A3F17E5-C6B4-47B3-96AE-3C08BF02D195}"
EndProject
Global
	GlobalSection(SolutionConfigurationPlatforms) = preSolution
		Debug|Any CPU = Debug|Any CPU
		Release|Any CPU = Release|Any CPU
	EndGlobalSection
	GlobalSection(ProjectConfigurationPlatforms) = postSolution
		{85200A9B-9B70-4E82-B784-DD1C6E50EB4E}.Debug|Any CPU.ActiveCfg = Debug|Any CPU
		{85200A9B-9B70-4E82-B784-DD1C6E50EB4E}.Debug|Any CPU.Build.0 = Debug|Any CPU
		{85200A9B-9B70-4E82-B784-DD1C6E50EB4E}.Release|Any CPU.ActiveCfg = Release|Any CPU
		{85200A9B-9B70-4E82-B784-DD1C6E50EB4E}.Release|Any CPU.Build.0 = Release|Any CPU
		{1A3F17E5-C6B4-47B3-96AE-3C08BF02D195}.Debug|Any CPU.ActiveCfg = Debug|Any CPU
		{1A3F17E5-C6B4-47B3-96AE-3C08BF02D195}.Debug|Any CPU.Build.0 = Debug|Any CPU
		{1A3F17E5-C6B4-47B3-96AE-3C08BF02D195}.Release|Any CPU.ActiveCfg = Release|Any CPU
		{1A3F17E5-C6B4-47B3-96AE-3C08BF02D195}.Release|Any CPU.Build.0 = Release|Any CPU
	EndGlobalSection
	GlobalSection(SolutionProperties) = preSolution
		HideSolutionNode = FALSE
	EndGlobalSection
EndGlobal
